// !$*UTF8*$!
{
	archiveVersion = 1;
	classes = {
	};
	objectVersion = 46;
	objects = {

/* Begin PBXBuildFile section */
		01BE53181B3DA61500A89EF1 /* main.m in Sources */ = {isa = PBXBuildFile; fileRef = 01BE53171B3DA61500A89EF1 /* main.m */; };
		01BE531B1B3DA61500A89EF1 /* AppDelegate.m in Sources */ = {isa = PBXBuildFile; fileRef = 01BE531A1B3DA61500A89EF1 /* AppDelegate.m */; };
		01BE531E1B3DA61500A89EF1 /* MasterViewController.m in Sources */ = {isa = PBXBuildFile; fileRef = 01BE531D1B3DA61500A89EF1 /* MasterViewController.m */; };
		01BE53241B3DA61500A89EF1 /* Main.storyboard in Resources */ = {isa = PBXBuildFile; fileRef = 01BE53221B3DA61500A89EF1 /* Main.storyboard */; };
		01BE53261B3DA61500A89EF1 /* Images.xcassets in Resources */ = {isa = PBXBuildFile; fileRef = 01BE53251B3DA61500A89EF1 /* Images.xcassets */; };
		01BE53291B3DA61500A89EF1 /* LaunchScreen.xib in Resources */ = {isa = PBXBuildFile; fileRef = 01BE53271B3DA61500A89EF1 /* LaunchScreen.xib */; };
		01BE53351B3DA61500A89EF1 /* BogusCodeTests.m in Sources */ = {isa = PBXBuildFile; fileRef = 01BE53341B3DA61500A89EF1 /* BogusCodeTests.m */; };
/* End PBXBuildFile section */

/* Begin PBXContainerItemProxy section */
		01BE532F1B3DA61500A89EF1 /* PBXContainerItemProxy */ = {
			isa = PBXContainerItemProxy;
			containerPortal = 01BE530A1B3DA61500A89EF1 /* Project object */;
			proxyType = 1;
			remoteGlobalIDString = 01BE53111B3DA61500A89EF1;
			remoteInfo = BogusCode;
		};
/* End PBXContainerItemProxy section */

/* Begin PBXFileReference section */
		01BE53121B3DA61500A89EF1 /* BogusCode.app */ = {isa = PBXFileReference; explicitFileType = wrapper.application; includeInIndex = 0; path = BogusCode.app; sourceTree = BUILT_PRODUCTS_DIR; };
		01BE53161B3DA61500A89EF1 /* Info.plist */ = {isa = PBXFileReference; lastKnownFileType = text.plist.xml; path = Info.plist; sourceTree = "<group>"; };
		01BE53171B3DA61500A89EF1 /* main.m */ = {isa = PBXFileReference; lastKnownFileType = sourcecode.c.objc; path = main.m; sourceTree = "<group>"; };
		01BE53191B3DA61500A89EF1 /* AppDelegate.h */ = {isa = PBXFileReference; lastKnownFileType = sourcecode.c.h; path = AppDelegate.h; sourceTree = "<group>"; };
		01BE531A1B3DA61500A89EF1 /* AppDelegate.m */ = {isa = PBXFileReference; lastKnownFileType = sourcecode.c.objc; path = AppDelegate.m; sourceTree = "<group>"; };
		01BE531C1B3DA61500A89EF1 /* MasterViewController.h */ = {isa = PBXFileReference; lastKnownFileType = sourcecode.c.h; path = MasterViewController.h; sourceTree = "<group>"; };
		01BE531D1B3DA61500A89EF1 /* MasterViewController.m */ = {isa = PBXFileReference; lastKnownFileType = sourcecode.c.objc; path = MasterViewController.m; sourceTree = "<group>"; };
		01BE53231B3DA61500A89EF1 /* Base */ = {isa = PBXFileReference; lastKnownFileType = file.storyboard; name = Base; path = Base.lproj/Main.storyboard; sourceTree = "<group>"; };
		01BE53251B3DA61500A89EF1 /* Images.xcassets */ = {isa = PBXFileReference; lastKnownFileType = folder.assetcatalog; path = Images.xcassets; sourceTree = "<group>"; };
		01BE53281B3DA61500A89EF1 /* Base */ = {isa = PBXFileReference; lastKnownFileType = file.xib; name = Base; path = Base.lproj/LaunchScreen.xib; sourceTree = "<group>"; };
		01BE532E1B3DA61500A89EF1 /* BogusCodeTests.xctest */ = {isa = PBXFileReference; explicitFileType = wrapper.cfbundle; includeInIndex = 0; path = BogusCodeTests.xctest; sourceTree = BUILT_PRODUCTS_DIR; };
		01BE53331B3DA61500A89EF1 /* Info.plist */ = {isa = PBXFileReference; lastKnownFileType = text.plist.xml; path = Info.plist; sourceTree = "<group>"; };
		01BE53341B3DA61500A89EF1 /* BogusCodeTests.m */ = {isa = PBXFileReference; lastKnownFileType = sourcecode.c.objc; path = BogusCodeTests.m; sourceTree = "<group>"; };
/* End PBXFileReference section */

/* Begin PBXFrameworksBuildPhase section */
		01BE530F1B3DA61500A89EF1 /* Frameworks */ = {
			isa = PBXFrameworksBuildPhase;
			buildActionMask = 2147483647;
			files = (
			);
			runOnlyForDeploymentPostprocessing = 0;
		};
		01BE532B1B3DA61500A89EF1 /* Frameworks */ = {
			isa = PBXFrameworksBuildPhase;
			buildActionMask = 2147483647;
			files = (
			);
			runOnlyForDeploymentPostprocessing = 0;
		};
/* End PBXFrameworksBuildPhase section */

/* Begin PBXGroup section */
		01BE53091B3DA61400A89EF1 = {
			isa = PBXGroup;
			children = (
				01BE53141B3DA61500A89EF1 /* BogusCode */,
				01BE53311B3DA61500A89EF1 /* BogusCodeTests */,
				01BE53131B3DA61500A89EF1 /* Products */,
			);
			sourceTree = "<group>";
		};
		01BE53131B3DA61500A89EF1 /* Products */ = {
			isa = PBXGroup;
			children = (
				01BE53121B3DA61500A89EF1 /* BogusCode.app */,
				01BE532E1B3DA61500A89EF1 /* BogusCodeTests.xctest */,
			);
			name = Products;
			sourceTree = "<group>";
		};
		01BE53141B3DA61500A89EF1 /* BogusCode */ = {
			isa = PBXGroup;
			children = (
				01BE53191B3DA61500A89EF1 /* AppDelegate.h */,
				01BE531A1B3DA61500A89EF1 /* AppDelegate.m */,
				01BE531C1B3DA61500A89EF1 /* MasterViewController.h */,
				01BE531D1B3DA61500A89EF1 /* MasterViewController.m */,
				01BE53221B3DA61500A89EF1 /* Main.storyboard */,
				01BE53251B3DA61500A89EF1 /* Images.xcassets */,
				01BE53271B3DA61500A89EF1 /* LaunchScreen.xib */,
				01BE53151B3DA61500A89EF1 /* Supporting Files */,
			);
			path = BogusCode;
			sourceTree = "<group>";
		};
		01BE53151B3DA61500A89EF1 /* Supporting Files */ = {
			isa = PBXGroup;
			children = (
				01BE53161B3DA61500A89EF1 /* Info.plist */,
				01BE53171B3DA61500A89EF1 /* main.m */,
			);
			name = "Supporting Files";
			sourceTree = "<group>";
		};
		01BE53311B3DA61500A89EF1 /* BogusCodeTests */ = {
			isa = PBXGroup;
			children = (
				01BE53341B3DA61500A89EF1 /* BogusCodeTests.m */,
				01BE53321B3DA61500A89EF1 /* Supporting Files */,
			);
			path = BogusCodeTests;
			sourceTree = "<group>";
		};
		01BE53321B3DA61500A89EF1 /* Supporting Files */ = {
			isa = PBXGroup;
			children = (
				01BE53331B3DA61500A89EF1 /* Info.plist */,
			);
			name = "Supporting Files";
			sourceTree = "<group>";
		};
/* End PBXGroup section */

/* Begin PBXNativeTarget section */
		01BE53111B3DA61500A89EF1 /* BogusCode */ = {
			isa = PBXNativeTarget;
			buildConfigurationList = 01BE53381B3DA61500A89EF1 /* Build configuration list for PBXNativeTarget "BogusCode" */;
			buildPhases = (
				01BE530E1B3DA61500A89EF1 /* Sources */,
				01BE530F1B3DA61500A89EF1 /* Frameworks */,
				01BE53101B3DA61500A89EF1 /* Resources */,
			);
			buildRules = (
			);
			dependencies = (
			);
			name = BogusCode;
			productName = BogusCode;
			productReference = 01BE53121B3DA61500A89EF1 /* BogusCode.app */;
			productType = "com.apple.product-type.application";
		};
		01BE532D1B3DA61500A89EF1 /* BogusCodeTests */ = {
			isa = PBXNativeTarget;
			buildConfigurationList = 01BE533B1B3DA61500A89EF1 /* Build configuration list for PBXNativeTarget "BogusCodeTests" */;
			buildPhases = (
				01BE532A1B3DA61500A89EF1 /* Sources */,
				01BE532B1B3DA61500A89EF1 /* Frameworks */,
				01BE532C1B3DA61500A89EF1 /* Resources */,
			);
			buildRules = (
			);
			dependencies = (
				01BE53301B3DA61500A89EF1 /* PBXTargetDependency */,
			);
			name = BogusCodeTests;
			productName = BogusCodeTests;
			productReference = 01BE532E1B3DA61500A89EF1 /* BogusCodeTests.xctest */;
			productType = "com.apple.product-type.bundle.unit-test";
		};
/* End PBXNativeTarget section */

/* Begin PBXProject section */
		01BE530A1B3DA61500A89EF1 /* Project object */ = {
			isa = PBXProject;
			attributes = {
				LastUpgradeCheck = 0630;
				ORGANIZATIONNAME = Vimeo;
				TargetAttributes = {
					01BE53111B3DA61500A89EF1 = {
						CreatedOnToolsVersion = 6.3.2;
					};
					01BE532D1B3DA61500A89EF1 = {
						CreatedOnToolsVersion = 6.3.2;
						TestTargetID = 01BE53111B3DA61500A89EF1;
					};
				};
			};
			buildConfigurationList = 01BE530D1B3DA61500A89EF1 /* Build configuration list for PBXProject "BogusCode" */;
			compatibilityVersion = "Xcode 3.2";
			developmentRegion = English;
			hasScannedForEncodings = 0;
			knownRegions = (
				en,
				Base,
			);
			mainGroup = 01BE53091B3DA61400A89EF1;
			productRefGroup = 01BE53131B3DA61500A89EF1 /* Products */;
			projectDirPath = "";
			projectRoot = "";
			targets = (
				01BE53111B3DA61500A89EF1 /* BogusCode */,
				01BE532D1B3DA61500A89EF1 /* BogusCodeTests */,
			);
		};
/* End PBXProject section */

/* Begin PBXResourcesBuildPhase section */
		01BE53101B3DA61500A89EF1 /* Resources */ = {
			isa = PBXResourcesBuildPhase;
			buildActionMask = 2147483647;
			files = (
				01BE53241B3DA61500A89EF1 /* Main.storyboard in Resources */,
				01BE53291B3DA61500A89EF1 /* LaunchScreen.xib in Resources */,
				01BE53261B3DA61500A89EF1 /* Images.xcassets in Resources */,
			);
			runOnlyForDeploymentPostprocessing = 0;
		};
		01BE532C1B3DA61500A89EF1 /* Resources */ = {
			isa = PBXResourcesBuildPhase;
			buildActionMask = 2147483647;
			files = (
			);
			runOnlyForDeploymentPostprocessing = 0;
		};
/* End PBXResourcesBuildPhase section */

/* Begin PBXSourcesBuildPhase section */
		01BE530E1B3DA61500A89EF1 /* Sources */ = {
			isa = PBXSourcesBuildPhase;
			buildActionMask = 2147483647;
			files = (
				01BE531B1B3DA61500A89EF1 /* AppDelegate.m in Sources */,
				01BE531E1B3DA61500A89EF1 /* MasterViewController.m in Sources */,
				01BE53181B3DA61500A89EF1 /* main.m in Sources */,
			);
			runOnlyForDeploymentPostprocessing = 0;
		};
		01BE532A1B3DA61500A89EF1 /* Sources */ = {
			isa = PBXSourcesBuildPhase;
			buildActionMask = 2147483647;
			files = (
				01BE53351B3DA61500A89EF1 /* BogusCodeTests.m in Sources */,
			);
			runOnlyForDeploymentPostprocessing = 0;
		};
/* End PBXSourcesBuildPhase section */

/* Begin PBXTargetDependency section */
		01BE53301B3DA61500A89EF1 /* PBXTargetDependency */ = {
			isa = PBXTargetDependency;
			target = 01BE53111B3DA61500A89EF1 /* BogusCode */;
			targetProxy = 01BE532F1B3DA61500A89EF1 /* PBXContainerItemProxy */;
		};
/* End PBXTargetDependency section */

/* Begin PBXVariantGroup section */
		01BE53221B3DA61500A89EF1 /* Main.storyboard */ = {
			isa = PBXVariantGroup;
			children = (
				01BE53231B3DA61500A89EF1 /* Base */,
			);
			name = Main.storyboard;
			sourceTree = "<group>";
		};
		01BE53271B3DA61500A89EF1 /* LaunchScreen.xib */ = {
			isa = PBXVariantGroup;
			children = (
				01BE53281B3DA61500A89EF1 /* Base */,
			);
			name = LaunchScreen.xib;
			sourceTree = "<group>";
		};
/* End PBXVariantGroup section */

/* Begin XCBuildConfiguration section */
		01BE53361B3DA61500A89EF1 /* Debug */ = {
			isa = XCBuildConfiguration;
			buildSettings = {
				ALWAYS_SEARCH_USER_PATHS = NO;
				CLANG_CXX_LANGUAGE_STANDARD = "gnu++0x";
				CLANG_CXX_LIBRARY = "libc++";
				CLANG_ENABLE_MODULES = YES;
				CLANG_ENABLE_OBJC_ARC = YES;
				CLANG_WARN_BOOL_CONVERSION = YES;
				CLANG_WARN_CONSTANT_CONVERSION = YES;
				CLANG_WARN_DIRECT_OBJC_ISA_USAGE = YES_ERROR;
				CLANG_WARN_EMPTY_BODY = YES;
				CLANG_WARN_ENUM_CONVERSION = YES;
				CLANG_WARN_INT_CONVERSION = YES;
				CLANG_WARN_OBJC_ROOT_CLASS = YES_ERROR;
				CLANG_WARN_UNREACHABLE_CODE = YES;
				CLANG_WARN__DUPLICATE_METHOD_MATCH = YES;
				"CODE_SIGN_IDENTITY[sdk=iphoneos*]" = "iPhone Developer";
				COPY_PHASE_STRIP = NO;
				DEBUG_INFORMATION_FORMAT = "dwarf-with-dsym";
				ENABLE_STRICT_OBJC_MSGSEND = YES;
				GCC_C_LANGUAGE_STANDARD = gnu99;
				GCC_DYNAMIC_NO_PIC = NO;
				GCC_NO_COMMON_BLOCKS = YES;
				GCC_OPTIMIZATION_LEVEL = 0;
				GCC_PREPROCESSOR_DEFINITIONS = (
					"DEBUG=1",
					"$(inherited)",
				);
				GCC_SYMBOLS_PRIVATE_EXTERN = NO;
				GCC_WARN_64_TO_32_BIT_CONVERSION = YES;
				GCC_WARN_ABOUT_RETURN_TYPE = YES_ERROR;
				GCC_WARN_UNDECLARED_SELECTOR = YES;
				GCC_WARN_UNINITIALIZED_AUTOS = YES_AGGRESSIVE;
				GCC_WARN_UNUSED_FUNCTION = YES;
				GCC_WARN_UNUSED_VARIABLE = YES;
				IPHONEOS_DEPLOYMENT_TARGET = 8.3;
				MTL_ENABLE_DEBUG_INFO = YES;
				ONLY_ACTIVE_ARCH = YES;
				SDKROOT = iphoneos;
			};
			name = Debug;
		};
		01BE53371B3DA61500A89EF1 /* Release */ = {
			isa = XCBuildConfiguration;
			buildSettings = {
				ALWAYS_SEARCH_USER_PATHS = NO;
				CLANG_CXX_LANGUAGE_STANDARD = "gnu++0x";
				CLANG_CXX_LIBRARY = "libc++";
				CLANG_ENABLE_MODULES = YES;
				CLANG_ENABLE_OBJC_ARC = YES;
				CLANG_WARN_BOOL_CONVERSION = YES;
				CLANG_WARN_CONSTANT_CONVERSION = YES;
				CLANG_WARN_DIRECT_OBJC_ISA_USAGE = YES_ERROR;
				CLANG_WARN_EMPTY_BODY = YES;
				CLANG_WARN_ENUM_CONVERSION = YES;
				CLANG_WARN_INT_CONVERSION = YES;
				CLANG_WARN_OBJC_ROOT_CLASS = YES_ERROR;
				CLANG_WARN_UNREACHABLE_CODE = YES;
				CLANG_WARN__DUPLICATE_METHOD_MATCH = YES;
				"CODE_SIGN_IDENTITY[sdk=iphoneos*]" = "iPhone Developer";
				COPY_PHASE_STRIP = NO;
				DEBUG_INFORMATION_FORMAT = "dwarf-with-dsym";
				ENABLE_NS_ASSERTIONS = NO;
				ENABLE_STRICT_OBJC_MSGSEND = YES;
				GCC_C_LANGUAGE_STANDARD = gnu99;
				GCC_NO_COMMON_BLOCKS = YES;
				GCC_WARN_64_TO_32_BIT_CONVERSION = YES;
				GCC_WARN_ABOUT_RETURN_TYPE = YES_ERROR;
				GCC_WARN_UNDECLARED_SELECTOR = YES;
				GCC_WARN_UNINITIALIZED_AUTOS = YES_AGGRESSIVE;
				GCC_WARN_UNUSED_FUNCTION = YES;
				GCC_WARN_UNUSED_VARIABLE = YES;
				IPHONEOS_DEPLOYMENT_TARGET = 8.3;
				MTL_ENABLE_DEBUG_INFO = NO;
				SDKROOT = iphoneos;
				VALIDATE_PRODUCT = YES;
			};
			name = Release;
		};
		01BE53391B3DA61500A89EF1 /* Debug */ = {
			isa = XCBuildConfiguration;
			buildSettings = {
				ASSETCATALOG_COMPILER_APPICON_NAME = AppIcon;
				INFOPLIST_FILE = BogusCode/Info.plist;
				IPHONEOS_DEPLOYMENT_TARGET = 8.0;
				LD_RUNPATH_SEARCH_PATHS = "$(inherited) @executable_path/Frameworks";
				PRODUCT_NAME = "$(TARGET_NAME)";
			};
			name = Debug;
		};
		01BE533A1B3DA61500A89EF1 /* Release */ = {
			isa = XCBuildConfiguration;
			buildSettings = {
				ASSETCATALOG_COMPILER_APPICON_NAME = AppIcon;
				INFOPLIST_FILE = BogusCode/Info.plist;
				IPHONEOS_DEPLOYMENT_TARGET = 8.0;
				LD_RUNPATH_SEARCH_PATHS = "$(inherited) @executable_path/Frameworks";
				PRODUCT_NAME = "$(TARGET_NAME)";
			};
			name = Release;
		};
		01BE533C1B3DA61500A89EF1 /* Debug */ = {
			isa = XCBuildConfiguration;
			buildSettings = {
				BUNDLE_LOADER = "$(TEST_HOST)";
				FRAMEWORK_SEARCH_PATHS = (
					"$(SDKROOT)/Developer/Library/Frameworks",
					"$(inherited)",
				);
				GCC_PREPROCESSOR_DEFINITIONS = (
					"DEBUG=1",
					"$(inherited)",
				);
				INFOPLIST_FILE = BogusCodeTests/Info.plist;
				LD_RUNPATH_SEARCH_PATHS = "$(inherited) @executable_path/Frameworks @loader_path/Frameworks";
				PRODUCT_NAME = "$(TARGET_NAME)";
				TEST_HOST = "$(BUILT_PRODUCTS_DIR)/BogusCode.app/BogusCode";
			};
			name = Debug;
		};
		01BE533D1B3DA61500A89EF1 /* Release */ = {
			isa = XCBuildConfiguration;
			buildSettings = {
				BUNDLE_LOADER = "$(TEST_HOST)";
				FRAMEWORK_SEARCH_PATHS = (
					"$(SDKROOT)/Developer/Library/Frameworks",
					"$(inherited)",
				);
				INFOPLIST_FILE = BogusCodeTests/Info.plist;
				LD_RUNPATH_SEARCH_PATHS = "$(inherited) @executable_path/Frameworks @loader_path/Frameworks";
				PRODUCT_NAME = "$(TARGET_NAME)";
				TEST_HOST = "$(BUILT_PRODUCTS_DIR)/BogusCode.app/BogusCode";
			};
			name = Release;
		};
/* End XCBuildConfiguration section */

/* Begin XCConfigurationList section */
		01BE530D1B3DA61500A89EF1 /* Build configuration list for PBXProject "BogusCode" */ = {
			isa = XCConfigurationList;
			buildConfigurations = (
				01BE53361B3DA61500A89EF1 /* Debug */,
				01BE53371B3DA61500A89EF1 /* Release */,
			);
			defaultConfigurationIsVisible = 0;
			defaultConfigurationName = Release;
		};
		01BE53381B3DA61500A89EF1 /* Build configuration list for PBXNativeTarget "BogusCode" */ = {
			isa = XCConfigurationList;
			buildConfigurations = (
				01BE53391B3DA61500A89EF1 /* Debug */,
				01BE533A1B3DA61500A89EF1 /* Release */,
			);
			defaultConfigurationIsVisible = 0;
		};
		01BE533B1B3DA61500A89EF1 /* Build configuration list for PBXNativeTarget "BogusCodeTests" */ = {
			isa = XCConfigurationList;
			buildConfigurations = (
				01BE533C1B3DA61500A89EF1 /* Debug */,
				01BE533D1B3DA61500A89EF1 /* Release */,
			);
			defaultConfigurationIsVisible = 0;
		};
/* End XCConfigurationList section */
	};
	rootObject = 01BE530A1B3DA61500A89EF1 /* Project object */;
}
